
Microsoft Visual Studio Solution File, Format Version 12.00
Project("{FAE04EC0-301F-11D3-BF4B-00C04F79EFBC}") = "GemPower", "GemPower\GemPower.csproj", "{ABA56AD7-C0BB-4163-AB8A-1DB5F89DD929}"
EndProject
Global
	GlobalSection(SolutionConfigurationPlatforms) = preSolution
		Debug|Any CPU = Debug|Any CPU
		Release|Any CPU = Release|Any CPU
	EndGlobalSection
	GlobalSection(ProjectConfigurationPlatforms) = postSolution
		{ABA56AD7-C0BB-4163-AB8A-1DB5F89DD929}.Debug|Any CPU.ActiveCfg = Debug|Any CPU
		{ABA56AD7-C0BB-4163-AB8A-1DB5F89DD929}.Debug|Any CPU.Build.0 = Debug|Any CPU
		{ABA56AD7-C0BB-4163-AB8A-1DB5F89DD929}.Release|Any CPU.ActiveCfg = Release|Any CPU
		{ABA56AD7-C0BB-4163-AB8A-1DB5F89DD929}.Release|Any CPU.Build.0 = Release|Any CPU
	EndGlobalSection
EndGlobal
